
Microsoft Visual Studio Solution File, Format Version 12.00
# Visual Studio 15
VisualStudioVersion = 15.0.27703.2035
MinimumVisualStudioVersion = 10.0.40219.1
Project("{FAE04EC0-301F-11D3-BF4B-00C04F79EFBC}") = "Exercise2A", "ConsoleApp11\Exercise2A.csproj", "{0D9F0BD2-487A-45F8-8FCA-31A95853B8C2}"
EndProject
Global
	GlobalSection(SolutionConfigurationPlatforms) = preSolution
		Debug|Any CPU = Debug|Any CPU
		Release|Any CPU = Release|Any CPU
	EndGlobalSection
	GlobalSection(ProjectConfigurationPlatforms) = postSolution
		{0D9F0BD2-487A-45F8-8FCA-31A95853B8C2}.Debug|Any CPU.ActiveCfg = Debug|Any CPU
		{0D9F0BD2-487A-45F8-8FCA-31A95853B8C2}.Debug|Any CPU.Build.0 = Debug|Any CPU
		{0D9F0BD2-487A-45F8-8FCA-31A95853B8C2}.Release|Any CPU.ActiveCfg = Release|Any CPU
		{0D9F0BD2-487A-45F8-8FCA-31A95853B8C2}.Release|Any CPU.Build.0 = Release|Any CPU
	EndGlobalSection
	GlobalSection(SolutionProperties) = preSolution
		HideSolutionNode = FALSE
	EndGlobalSection
	GlobalSection(ExtensibilityGlobals) = postSolution
		SolutionGuid = {77AD0294-9E49-4711-A931-5B6CF6B985DA}
	EndGlobalSection
EndGlobal
